
Microsoft Visual Studio Solution File, Format Version 12.00
# Visual Studio Version 17
VisualStudioVersion = 17.14.36301.6 d17.14
MinimumVisualStudioVersion = 10.0.40219.1
Project("{FAE04EC0-301F-11D3-BF4B-00C04F79EFBC}") = "Hospital_Management_MVC", "Hospital_Management_MVC\Hospital_Management_MVC.csproj", "{2F193D17-C438-4B7D-B8C6-6FB6B5514BFF}"
EndProject
Global
	GlobalSection(SolutionConfigurationPlatforms) = preSolution
		Debug|Any CPU = Debug|Any CPU
		Release|Any CPU = Release|Any CPU
	EndGlobalSection
	GlobalSection(ProjectConfigurationPlatforms) = postSolution
		{2F193D17-C438-4B7D-B8C6-6FB6B5514BFF}.Debug|Any CPU.ActiveCfg = Debug|Any CPU
		{2F193D17-C438-4B7D-B8C6-6FB6B5514BFF}.Debug|Any CPU.Build.0 = Debug|Any CPU
		{2F193D17-C438-4B7D-B8C6-6FB6B5514BFF}.Release|Any CPU.ActiveCfg = Release|Any CPU
		{2F193D17-C438-4B7D-B8C6-6FB6B5514BFF}.Release|Any CPU.Build.0 = Release|Any CPU
	EndGlobalSection
	GlobalSection(SolutionProperties) = preSolution
		HideSolutionNode = FALSE
	EndGlobalSection
	GlobalSection(ExtensibilityGlobals) = postSolution
		SolutionGuid = {FF2409AC-C85B-40D3-857D-258EA3385A9A}
	EndGlobalSection
EndGlobal
